
Microsoft Visual Studio Solution File, Format Version 12.00
# Visual Studio Version 17
VisualStudioVersion = 17.5.33516.290
MinimumVisualStudioVersion = 10.0.40219.1
Project("{9A19103F-16F7-4668-BE54-9A1E7A4F7556}") = "HBAcademy", "ConsoleApp1\HBAcademy.csproj", "{9099B0DF-E63B-4CD0-8083-5A065A706574}"
EndProject
Global
	GlobalSection(SolutionConfigurationPlatforms) = preSolution
		Debug|Any CPU = Debug|Any CPU
		Release|Any CPU = Release|Any CPU
	EndGlobalSection
	GlobalSection(ProjectConfigurationPlatforms) = postSolution
		{9099B0DF-E63B-4CD0-8083-5A065A706574}.Debug|Any CPU.ActiveCfg = Debug|Any CPU
		{9099B0DF-E63B-4CD0-8083-5A065A706574}.Debug|Any CPU.Build.0 = Debug|Any CPU
		{9099B0DF-E63B-4CD0-8083-5A065A706574}.Release|Any CPU.ActiveCfg = Release|Any CPU
		{9099B0DF-E63B-4CD0-8083-5A065A706574}.Release|Any CPU.Build.0 = Release|Any CPU
	EndGlobalSection
	GlobalSection(SolutionProperties) = preSolution
		HideSolutionNode = FALSE
	EndGlobalSection
	GlobalSection(ExtensibilityGlobals) = postSolution
		SolutionGuid = {F725F267-7D36-46EC-981E-6C8B93DA0FB7}
	EndGlobalSection
EndGlobal
